
Microsoft Visual Studio Solution File, Format Version 12.00
# Visual Studio Version 17
VisualStudioVersion = 17.2.32616.157
MinimumVisualStudioVersion = 10.0.40219.1
Project("{FAE04EC0-301F-11D3-BF4B-00C04F79EFBC}") = "zadanie8.6.1", "zadanie8.6.1.csproj", "{9E73D450-7C1B-4055-8F53-3F1832DA1C63}"
EndProject
Global
	GlobalSection(SolutionConfigurationPlatforms) = preSolution
		Debug|Any CPU = Debug|Any CPU
		Release|Any CPU = Release|Any CPU
	EndGlobalSection
	GlobalSection(ProjectConfigurationPlatforms) = postSolution
		{9E73D450-7C1B-4055-8F53-3F1832DA1C63}.Debug|Any CPU.ActiveCfg = Debug|Any CPU
		{9E73D450-7C1B-4055-8F53-3F1832DA1C63}.Debug|Any CPU.Build.0 = Debug|Any CPU
		{9E73D450-7C1B-4055-8F53-3F1832DA1C63}.Release|Any CPU.ActiveCfg = Release|Any CPU
		{9E73D450-7C1B-4055-8F53-3F1832DA1C63}.Release|Any CPU.Build.0 = Release|Any CPU
	EndGlobalSection
	GlobalSection(SolutionProperties) = preSolution
		HideSolutionNode = FALSE
	EndGlobalSection
	GlobalSection(ExtensibilityGlobals) = postSolution
		SolutionGuid = {6F493BEE-D2AA-4D4A-8F02-9EE803DD1D04}
	EndGlobalSection
EndGlobal
