
Microsoft Visual Studio Solution File, Format Version 12.00
# Visual Studio Version 17
VisualStudioVersion = 17.2.32616.157
MinimumVisualStudioVersion = 10.0.40219.1
Project("{FAE04EC0-301F-11D3-BF4B-00C04F79EFBC}") = "zadanie8.6.4", "zadanie8.6.4.csproj", "{CC74CE55-24EB-42F1-A15C-806CF9F24AEF}"
EndProject
Global
	GlobalSection(SolutionConfigurationPlatforms) = preSolution
		Debug|Any CPU = Debug|Any CPU
		Release|Any CPU = Release|Any CPU
	EndGlobalSection
	GlobalSection(ProjectConfigurationPlatforms) = postSolution
		{CC74CE55-24EB-42F1-A15C-806CF9F24AEF}.Debug|Any CPU.ActiveCfg = Debug|Any CPU
		{CC74CE55-24EB-42F1-A15C-806CF9F24AEF}.Debug|Any CPU.Build.0 = Debug|Any CPU
		{CC74CE55-24EB-42F1-A15C-806CF9F24AEF}.Release|Any CPU.ActiveCfg = Release|Any CPU
		{CC74CE55-24EB-42F1-A15C-806CF9F24AEF}.Release|Any CPU.Build.0 = Release|Any CPU
	EndGlobalSection
	GlobalSection(SolutionProperties) = preSolution
		HideSolutionNode = FALSE
	EndGlobalSection
	GlobalSection(ExtensibilityGlobals) = postSolution
		SolutionGuid = {B2E12EAE-F00D-4422-9615-ABDEC35D5114}
	EndGlobalSection
EndGlobal
